
Microsoft Visual Studio Solution File, Format Version 12.00
# Visual Studio Version 16
VisualStudioVersion = 16.0.30204.135
MinimumVisualStudioVersion = 10.0.40219.1
Project("{9A19103F-16F7-4668-BE54-9A1E7A4F7556}") = "WebUI", "PetProject\WebUI.csproj", "{E0B31338-330C-4BB6-B3AC-4B31A13B3A6F}"
EndProject
Project("{FAE04EC0-301F-11D3-BF4B-00C04F79EFBC}") = "Domain", "Domain\Domain.csproj", "{5A3458AB-0736-4074-AEE6-688D15124452}"
EndProject
Project("{FAE04EC0-301F-11D3-BF4B-00C04F79EFBC}") = "Application", "Application\Application.csproj", "{06178798-A3CA-4B4A-859B-B1512BB625D3}"
EndProject
Project("{FAE04EC0-301F-11D3-BF4B-00C04F79EFBC}") = "Infrastructure", "Infrastructure\Infrastructure.csproj", "{17E94BF3-DAC7-4D78-ABFE-920A4539633D}"
EndProject
Global
	GlobalSection(SolutionConfigurationPlatforms) = preSolution
		Debug|Any CPU = Debug|Any CPU
		Release|Any CPU = Release|Any CPU
	EndGlobalSection
	GlobalSection(ProjectConfigurationPlatforms) = postSolution
		{E0B31338-330C-4BB6-B3AC-4B31A13B3A6F}.Debug|Any CPU.ActiveCfg = Debug|Any CPU
		{E0B31338-330C-4BB6-B3AC-4B31A13B3A6F}.Debug|Any CPU.Build.0 = Debug|Any CPU
		{E0B31338-330C-4BB6-B3AC-4B31A13B3A6F}.Release|Any CPU.ActiveCfg = Release|Any CPU
		{E0B31338-330C-4BB6-B3AC-4B31A13B3A6F}.Release|Any CPU.Build.0 = Release|Any CPU
		{5A3458AB-0736-4074-AEE6-688D15124452}.Debug|Any CPU.ActiveCfg = Debug|Any CPU
		{5A3458AB-0736-4074-AEE6-688D15124452}.Debug|Any CPU.Build.0 = Debug|Any CPU
		{5A3458AB-0736-4074-AEE6-688D15124452}.Release|Any CPU.ActiveCfg = Release|Any CPU
		{5A3458AB-0736-4074-AEE6-688D15124452}.Release|Any CPU.Build.0 = Release|Any CPU
		{06178798-A3CA-4B4A-859B-B1512BB625D3}.Debug|Any CPU.ActiveCfg = Debug|Any CPU
		{06178798-A3CA-4B4A-859B-B1512BB625D3}.Debug|Any CPU.Build.0 = Debug|Any CPU
		{06178798-A3CA-4B4A-859B-B1512BB625D3}.Release|Any CPU.ActiveCfg = Release|Any CPU
		{06178798-A3CA-4B4A-859B-B1512BB625D3}.Release|Any CPU.Build.0 = Release|Any CPU
		{17E94BF3-DAC7-4D78-ABFE-920A4539633D}.Debug|Any CPU.ActiveCfg = Debug|Any CPU
		{17E94BF3-DAC7-4D78-ABFE-920A4539633D}.Debug|Any CPU.Build.0 = Debug|Any CPU
		{17E94BF3-DAC7-4D78-ABFE-920A4539633D}.Release|Any CPU.ActiveCfg = Release|Any CPU
		{17E94BF3-DAC7-4D78-ABFE-920A4539633D}.Release|Any CPU.Build.0 = Release|Any CPU
	EndGlobalSection
	GlobalSection(SolutionProperties) = preSolution
		HideSolutionNode = FALSE
	EndGlobalSection
	GlobalSection(ExtensibilityGlobals) = postSolution
		SolutionGuid = {579EF089-07B6-4F16-AA19-16DD52BCDF0A}
	EndGlobalSection
EndGlobal
